// !$*UTF8*$!
{
	archiveVersion = 1;
	classes = {
	};
	objectVersion = 56;
	objects = {

/* Begin PBXBuildFile section */
		5D95DBB72BA107800016F039 /* UglyColor.swift in Sources */ = {isa = PBXBuildFile; fileRef = 5D95DBB62BA107800016F039 /* UglyColor.swift */; };
		5D95DBB92BA109630016F039 /* DailyMadness.swift in Sources */ = {isa = PBXBuildFile; fileRef = 5D95DBB82BA109630016F039 /* DailyMadness.swift */; };
		5D95DBBB2BA10B0E0016F039 /* CardView.swift in Sources */ = {isa = PBXBuildFile; fileRef = 5D95DBBA2BA10B0E0016F039 /* CardView.swift */; };
		5D95DBBE2BA11C2F0016F039 /* TrailingIconLabelStyle.swift in Sources */ = {isa = PBXBuildFile; fileRef = 5D95DBBD2BA11C2F0016F039 /* TrailingIconLabelStyle.swift */; };
		5D95DBC02BA11F050016F039 /* SuppliceListView.swift in Sources */ = {isa = PBXBuildFile; fileRef = 5D95DBBF2BA11F050016F039 /* SuppliceListView.swift */; };
		5D95DBC32BA12CF10016F039 /* TortureDetailsView.swift in Sources */ = {isa = PBXBuildFile; fileRef = 5D95DBC22BA12CF10016F039 /* TortureDetailsView.swift */; };
		5D95DBC52BA226F90016F039 /* TortureEditView.swift in Sources */ = {isa = PBXBuildFile; fileRef = 5D95DBC42BA226F90016F039 /* TortureEditView.swift */; };
		5D95DBC72BA2437C0016F039 /* ThemeView.swift in Sources */ = {isa = PBXBuildFile; fileRef = 5D95DBC62BA2437C0016F039 /* ThemeView.swift */; };
		5D95DBC92BA245130016F039 /* UglyColorPickerView.swift in Sources */ = {isa = PBXBuildFile; fileRef = 5D95DBC82BA245130016F039 /* UglyColorPickerView.swift */; };
		5D95DBCC2BA250F50016F039 /* TortureTimer.swift in Sources */ = {isa = PBXBuildFile; fileRef = 5D95DBCB2BA250F50016F039 /* TortureTimer.swift */; };
		5D95DBCE2BA25A5B0016F039 /* TortureSessionHeaderView.swift in Sources */ = {isa = PBXBuildFile; fileRef = 5D95DBCD2BA25A5B0016F039 /* TortureSessionHeaderView.swift */; };
		5D95DBD02BA263CC0016F039 /* TortureSessionFooterView.swift in Sources */ = {isa = PBXBuildFile; fileRef = 5D95DBCF2BA263CC0016F039 /* TortureSessionFooterView.swift */; };
		5D95DBD22BA273DF0016F039 /* NewMadnessSheet.swift in Sources */ = {isa = PBXBuildFile; fileRef = 5D95DBD12BA273DF0016F039 /* NewMadnessSheet.swift */; };
		5D95DBD42BA2783C0016F039 /* History.swift in Sources */ = {isa = PBXBuildFile; fileRef = 5D95DBD32BA2783C0016F039 /* History.swift */; };
		5D95DBD62BA3A5250016F039 /* MadnessStore.swift in Sources */ = {isa = PBXBuildFile; fileRef = 5D95DBD52BA3A5250016F039 /* MadnessStore.swift */; };
		5D95DBD82BA3C5A30016F039 /* TortureTimerView.swift in Sources */ = {isa = PBXBuildFile; fileRef = 5D95DBD72BA3C5A30016F039 /* TortureTimerView.swift */; };
		5D95DBDA2BA3C7C00016F039 /* TortureArc.swift in Sources */ = {isa = PBXBuildFile; fileRef = 5D95DBD92BA3C7C00016F039 /* TortureArc.swift */; };
		5DED61D72BA0FB4E00F8CC8B /* ScrumSucksApp.swift in Sources */ = {isa = PBXBuildFile; fileRef = 5DED61D62BA0FB4E00F8CC8B /* ScrumSucksApp.swift */; };
		5DED61D92BA0FB4E00F8CC8B /* TortureSessionView.swift in Sources */ = {isa = PBXBuildFile; fileRef = 5DED61D82BA0FB4E00F8CC8B /* TortureSessionView.swift */; };
		5DED61DB2BA0FB5100F8CC8B /* Assets.xcassets in Resources */ = {isa = PBXBuildFile; fileRef = 5DED61DA2BA0FB5100F8CC8B /* Assets.xcassets */; };
		5DED61DE2BA0FB5100F8CC8B /* Preview Assets.xcassets in Resources */ = {isa = PBXBuildFile; fileRef = 5DED61DD2BA0FB5100F8CC8B /* Preview Assets.xcassets */; };
/* End PBXBuildFile section */

/* Begin PBXFileReference section */
		5D95DBB62BA107800016F039 /* UglyColor.swift */ = {isa = PBXFileReference; lastKnownFileType = sourcecode.swift; path = UglyColor.swift; sourceTree = "<group>"; };
		5D95DBB82BA109630016F039 /* DailyMadness.swift */ = {isa = PBXFileReference; lastKnownFileType = sourcecode.swift; path = DailyMadness.swift; sourceTree = "<group>"; };
		5D95DBBA2BA10B0E0016F039 /* CardView.swift */ = {isa = PBXFileReference; lastKnownFileType = sourcecode.swift; path = CardView.swift; sourceTree = "<group>"; };
		5D95DBBD2BA11C2F0016F039 /* TrailingIconLabelStyle.swift */ = {isa = PBXFileReference; lastKnownFileType = sourcecode.swift; path = TrailingIconLabelStyle.swift; sourceTree = "<group>"; };
		5D95DBBF2BA11F050016F039 /* SuppliceListView.swift */ = {isa = PBXFileReference; lastKnownFileType = sourcecode.swift; path = SuppliceListView.swift; sourceTree = "<group>"; };
		5D95DBC22BA12CF10016F039 /* TortureDetailsView.swift */ = {isa = PBXFileReference; lastKnownFileType = sourcecode.swift; path = TortureDetailsView.swift; sourceTree = "<group>"; };
		5D95DBC42BA226F90016F039 /* TortureEditView.swift */ = {isa = PBXFileReference; lastKnownFileType = sourcecode.swift; path = TortureEditView.swift; sourceTree = "<group>"; };
		5D95DBC62BA2437C0016F039 /* ThemeView.swift */ = {isa = PBXFileReference; lastKnownFileType = sourcecode.swift; path = ThemeView.swift; sourceTree = "<group>"; };
		5D95DBC82BA245130016F039 /* UglyColorPickerView.swift */ = {isa = PBXFileReference; lastKnownFileType = sourcecode.swift; path = UglyColorPickerView.swift; sourceTree = "<group>"; };
		5D95DBCB2BA250F50016F039 /* TortureTimer.swift */ = {isa = PBXFileReference; lastKnownFileType = sourcecode.swift; path = TortureTimer.swift; sourceTree = "<group>"; };
		5D95DBCD2BA25A5B0016F039 /* TortureSessionHeaderView.swift */ = {isa = PBXFileReference; lastKnownFileType = sourcecode.swift; path = TortureSessionHeaderView.swift; sourceTree = "<group>"; };
		5D95DBCF2BA263CC0016F039 /* TortureSessionFooterView.swift */ = {isa = PBXFileReference; lastKnownFileType = sourcecode.swift; path = TortureSessionFooterView.swift; sourceTree = "<group>"; };
		5D95DBD12BA273DF0016F039 /* NewMadnessSheet.swift */ = {isa = PBXFileReference; lastKnownFileType = sourcecode.swift; path = NewMadnessSheet.swift; sourceTree = "<group>"; };
		5D95DBD32BA2783C0016F039 /* History.swift */ = {isa = PBXFileReference; lastKnownFileType = sourcecode.swift; path = History.swift; sourceTree = "<group>"; };
		5D95DBD52BA3A5250016F039 /* MadnessStore.swift */ = {isa = PBXFileReference; lastKnownFileType = sourcecode.swift; path = MadnessStore.swift; sourceTree = "<group>"; };
		5D95DBD72BA3C5A30016F039 /* TortureTimerView.swift */ = {isa = PBXFileReference; lastKnownFileType = sourcecode.swift; path = TortureTimerView.swift; sourceTree = "<group>"; };
		5D95DBD92BA3C7C00016F039 /* TortureArc.swift */ = {isa = PBXFileReference; lastKnownFileType = sourcecode.swift; path = TortureArc.swift; sourceTree = "<group>"; };
		5DED61D32BA0FB4E00F8CC8B /* ScrumSucks.app */ = {isa = PBXFileReference; explicitFileType = wrapper.application; includeInIndex = 0; path = ScrumSucks.app; sourceTree = BUILT_PRODUCTS_DIR; };
		5DED61D62BA0FB4E00F8CC8B /* ScrumSucksApp.swift */ = {isa = PBXFileReference; lastKnownFileType = sourcecode.swift; path = ScrumSucksApp.swift; sourceTree = "<group>"; };
		5DED61D82BA0FB4E00F8CC8B /* TortureSessionView.swift */ = {isa = PBXFileReference; lastKnownFileType = sourcecode.swift; path = TortureSessionView.swift; sourceTree = "<group>"; };
		5DED61DA2BA0FB5100F8CC8B /* Assets.xcassets */ = {isa = PBXFileReference; lastKnownFileType = folder.assetcatalog; path = Assets.xcassets; sourceTree = "<group>"; };
		5DED61DD2BA0FB5100F8CC8B /* Preview Assets.xcassets */ = {isa = PBXFileReference; lastKnownFileType = folder.assetcatalog; path = "Preview Assets.xcassets"; sourceTree = "<group>"; };
/* End PBXFileReference section */

/* Begin PBXFrameworksBuildPhase section */
		5DED61D02BA0FB4E00F8CC8B /* Frameworks */ = {
			isa = PBXFrameworksBuildPhase;
			buildActionMask = 2147483647;
			files = (
			);
			runOnlyForDeploymentPostprocessing = 0;
		};
/* End PBXFrameworksBuildPhase section */

/* Begin PBXGroup section */
		5D95DBB52BA107100016F039 /* Models */ = {
			isa = PBXGroup;
			children = (
				5D95DBB82BA109630016F039 /* DailyMadness.swift */,
				5D95DBB62BA107800016F039 /* UglyColor.swift */,
				5D95DBD32BA2783C0016F039 /* History.swift */,
				5D95DBD52BA3A5250016F039 /* MadnessStore.swift */,
			);
			path = Models;
			sourceTree = "<group>";
		};
		5D95DBBC2BA11C110016F039 /* Components */ = {
			isa = PBXGroup;
			children = (
				5D95DBBA2BA10B0E0016F039 /* CardView.swift */,
				5D95DBC62BA2437C0016F039 /* ThemeView.swift */,
				5D95DBBD2BA11C2F0016F039 /* TrailingIconLabelStyle.swift */,
				5D95DBC82BA245130016F039 /* UglyColorPickerView.swift */,
				5D95DBCD2BA25A5B0016F039 /* TortureSessionHeaderView.swift */,
				5D95DBCF2BA263CC0016F039 /* TortureSessionFooterView.swift */,
				5D95DBD72BA3C5A30016F039 /* TortureTimerView.swift */,
				5D95DBD92BA3C7C00016F039 /* TortureArc.swift */,
			);
			path = Components;
			sourceTree = "<group>";
		};
		5D95DBC12BA12CCE0016F039 /* Views */ = {
			isa = PBXGroup;
			children = (
				5DED61D82BA0FB4E00F8CC8B /* TortureSessionView.swift */,
				5D95DBBF2BA11F050016F039 /* SuppliceListView.swift */,
				5D95DBC22BA12CF10016F039 /* TortureDetailsView.swift */,
				5D95DBC42BA226F90016F039 /* TortureEditView.swift */,
				5D95DBD12BA273DF0016F039 /* NewMadnessSheet.swift */,
			);
			path = Views;
			sourceTree = "<group>";
		};
		5D95DBCA2BA250C70016F039 /* Domain */ = {
			isa = PBXGroup;
			children = (
				5D95DBCB2BA250F50016F039 /* TortureTimer.swift */,
			);
			path = Domain;
			sourceTree = "<group>";
		};
		5DED61CA2BA0FB4E00F8CC8B = {
			isa = PBXGroup;
			children = (
				5DED61D52BA0FB4E00F8CC8B /* ScrumSucks */,
				5DED61D42BA0FB4E00F8CC8B /* Products */,
			);
			sourceTree = "<group>";
		};
		5DED61D42BA0FB4E00F8CC8B /* Products */ = {
			isa = PBXGroup;
			children = (
				5DED61D32BA0FB4E00F8CC8B /* ScrumSucks.app */,
			);
			name = Products;
			sourceTree = "<group>";
		};
		5DED61D52BA0FB4E00F8CC8B /* ScrumSucks */ = {
			isa = PBXGroup;
			children = (
				5D95DBBC2BA11C110016F039 /* Components */,
				5D95DBCA2BA250C70016F039 /* Domain */,
				5D95DBB52BA107100016F039 /* Models */,
				5D95DBC12BA12CCE0016F039 /* Views */,
				5DED61D62BA0FB4E00F8CC8B /* ScrumSucksApp.swift */,
				5DED61DA2BA0FB5100F8CC8B /* Assets.xcassets */,
				5DED61DC2BA0FB5100F8CC8B /* Preview Content */,
			);
			path = ScrumSucks;
			sourceTree = "<group>";
		};
		5DED61DC2BA0FB5100F8CC8B /* Preview Content */ = {
			isa = PBXGroup;
			children = (
				5DED61DD2BA0FB5100F8CC8B /* Preview Assets.xcassets */,
			);
			path = "Preview Content";
			sourceTree = "<group>";
		};
/* End PBXGroup section */

/* Begin PBXNativeTarget section */
		5DED61D22BA0FB4E00F8CC8B /* ScrumSucks */ = {
			isa = PBXNativeTarget;
			buildConfigurationList = 5DED61E12BA0FB5100F8CC8B /* Build configuration list for PBXNativeTarget "ScrumSucks" */;
			buildPhases = (
				5DED61CF2BA0FB4E00F8CC8B /* Sources */,
				5DED61D02BA0FB4E00F8CC8B /* Frameworks */,
				5DED61D12BA0FB4E00F8CC8B /* Resources */,
			);
			buildRules = (
			);
			dependencies = (
			);
			name = ScrumSucks;
			productName = ScrumSucks;
			productReference = 5DED61D32BA0FB4E00F8CC8B /* ScrumSucks.app */;
			productType = "com.apple.product-type.application";
		};
/* End PBXNativeTarget section */

/* Begin PBXProject section */
		5DED61CB2BA0FB4E00F8CC8B /* Project object */ = {
			isa = PBXProject;
			attributes = {
				BuildIndependentTargetsInParallel = 1;
				LastSwiftUpdateCheck = 1530;
				LastUpgradeCheck = 1530;
				TargetAttributes = {
					5DED61D22BA0FB4E00F8CC8B = {
						CreatedOnToolsVersion = 15.3;
					};
				};
			};
			buildConfigurationList = 5DED61CE2BA0FB4E00F8CC8B /* Build configuration list for PBXProject "ScrumSucks" */;
			compatibilityVersion = "Xcode 14.0";
			developmentRegion = en;
			hasScannedForEncodings = 0;
			knownRegions = (
				en,
				Base,
			);
			mainGroup = 5DED61CA2BA0FB4E00F8CC8B;
			productRefGroup = 5DED61D42BA0FB4E00F8CC8B /* Products */;
			projectDirPath = "";
			projectRoot = "";
			targets = (
				5DED61D22BA0FB4E00F8CC8B /* ScrumSucks */,
			);
		};
/* End PBXProject section */

/* Begin PBXResourcesBuildPhase section */
		5DED61D12BA0FB4E00F8CC8B /* Resources */ = {
			isa = PBXResourcesBuildPhase;
			buildActionMask = 2147483647;
			files = (
				5DED61DE2BA0FB5100F8CC8B /* Preview Assets.xcassets in Resources */,
				5DED61DB2BA0FB5100F8CC8B /* Assets.xcassets in Resources */,
			);
			runOnlyForDeploymentPostprocessing = 0;
		};
/* End PBXResourcesBuildPhase section */

/* Begin PBXSourcesBuildPhase section */
		5DED61CF2BA0FB4E00F8CC8B /* Sources */ = {
			isa = PBXSourcesBuildPhase;
			buildActionMask = 2147483647;
			files = (
				5D95DBD82BA3C5A30016F039 /* TortureTimerView.swift in Sources */,
				5D95DBB72BA107800016F039 /* UglyColor.swift in Sources */,
				5D95DBBE2BA11C2F0016F039 /* TrailingIconLabelStyle.swift in Sources */,
				5D95DBC32BA12CF10016F039 /* TortureDetailsView.swift in Sources */,
				5D95DBD02BA263CC0016F039 /* TortureSessionFooterView.swift in Sources */,
				5DED61D92BA0FB4E00F8CC8B /* TortureSessionView.swift in Sources */,
				5D95DBC52BA226F90016F039 /* TortureEditView.swift in Sources */,
				5D95DBD62BA3A5250016F039 /* MadnessStore.swift in Sources */,
				5DED61D72BA0FB4E00F8CC8B /* ScrumSucksApp.swift in Sources */,
				5D95DBCE2BA25A5B0016F039 /* TortureSessionHeaderView.swift in Sources */,
				5D95DBCC2BA250F50016F039 /* TortureTimer.swift in Sources */,
				5D95DBB92BA109630016F039 /* DailyMadness.swift in Sources */,
				5D95DBD42BA2783C0016F039 /* History.swift in Sources */,
				5D95DBC02BA11F050016F039 /* SuppliceListView.swift in Sources */,
				5D95DBC72BA2437C0016F039 /* ThemeView.swift in Sources */,
				5D95DBC92BA245130016F039 /* UglyColorPickerView.swift in Sources */,
				5D95DBDA2BA3C7C00016F039 /* TortureArc.swift in Sources */,
				5D95DBD22BA273DF0016F039 /* NewMadnessSheet.swift in Sources */,
				5D95DBBB2BA10B0E0016F039 /* CardView.swift in Sources */,
			);
			runOnlyForDeploymentPostprocessing = 0;
		};
/* End PBXSourcesBuildPhase section */

/* Begin XCBuildConfiguration section */
		5DED61DF2BA0FB5100F8CC8B /* Debug */ = {
			isa = XCBuildConfiguration;
			buildSettings = {
				ALWAYS_SEARCH_USER_PATHS = NO;
				ASSETCATALOG_COMPILER_GENERATE_SWIFT_ASSET_SYMBOL_EXTENSIONS = YES;
				CLANG_ANALYZER_NONNULL = YES;
				CLANG_ANALYZER_NUMBER_OBJECT_CONVERSION = YES_AGGRESSIVE;
				CLANG_CXX_LANGUAGE_STANDARD = "gnu++20";
				CLANG_ENABLE_MODULES = YES;
				CLANG_ENABLE_OBJC_ARC = YES;
				CLANG_ENABLE_OBJC_WEAK = YES;
				CLANG_WARN_BLOCK_CAPTURE_AUTORELEASING = YES;
				CLANG_WARN_BOOL_CONVERSION = YES;
				CLANG_WARN_COMMA = YES;
				CLANG_WARN_CONSTANT_CONVERSION = YES;
				CLANG_WARN_DEPRECATED_OBJC_IMPLEMENTATIONS = YES;
				CLANG_WARN_DIRECT_OBJC_ISA_USAGE = YES_ERROR;
				CLANG_WARN_DOCUMENTATION_COMMENTS = YES;
				CLANG_WARN_EMPTY_BODY = YES;
				CLANG_WARN_ENUM_CONVERSION = YES;
				CLANG_WARN_INFINITE_RECURSION = YES;
				CLANG_WARN_INT_CONVERSION = YES;
				CLANG_WARN_NON_LITERAL_NULL_CONVERSION = YES;
				CLANG_WARN_OBJC_IMPLICIT_RETAIN_SELF = YES;
				CLANG_WARN_OBJC_LITERAL_CONVERSION = YES;
				CLANG_WARN_OBJC_ROOT_CLASS = YES_ERROR;
				CLANG_WARN_QUOTED_INCLUDE_IN_FRAMEWORK_HEADER = YES;
				CLANG_WARN_RANGE_LOOP_ANALYSIS = YES;
				CLANG_WARN_STRICT_PROTOTYPES = YES;
				CLANG_WARN_SUSPICIOUS_MOVE = YES;
				CLANG_WARN_UNGUARDED_AVAILABILITY = YES_AGGRESSIVE;
				CLANG_WARN_UNREACHABLE_CODE = YES;
				CLANG_WARN__DUPLICATE_METHOD_MATCH = YES;
				COPY_PHASE_STRIP = NO;
				DEBUG_INFORMATION_FORMAT = dwarf;
				ENABLE_STRICT_OBJC_MSGSEND = YES;
				ENABLE_TESTABILITY = YES;
				ENABLE_USER_SCRIPT_SANDBOXING = YES;
				GCC_C_LANGUAGE_STANDARD = gnu17;
				GCC_DYNAMIC_NO_PIC = NO;
				GCC_NO_COMMON_BLOCKS = YES;
				GCC_OPTIMIZATION_LEVEL = 0;
				GCC_PREPROCESSOR_DEFINITIONS = (
					"DEBUG=1",
					"$(inherited)",
				);
				GCC_WARN_64_TO_32_BIT_CONVERSION = YES;
				GCC_WARN_ABOUT_RETURN_TYPE = YES_ERROR;
				GCC_WARN_UNDECLARED_SELECTOR = YES;
				GCC_WARN_UNINITIALIZED_AUTOS = YES_AGGRESSIVE;
				GCC_WARN_UNUSED_FUNCTION = YES;
				GCC_WARN_UNUSED_VARIABLE = YES;
				IPHONEOS_DEPLOYMENT_TARGET = 17.4;
				LOCALIZATION_PREFERS_STRING_CATALOGS = YES;
				MTL_ENABLE_DEBUG_INFO = INCLUDE_SOURCE;
				MTL_FAST_MATH = YES;
				ONLY_ACTIVE_ARCH = YES;
				SDKROOT = iphoneos;
				SWIFT_ACTIVE_COMPILATION_CONDITIONS = "DEBUG $(inherited)";
				SWIFT_OPTIMIZATION_LEVEL = "-Onone";
			};
			name = Debug;
		};
		5DED61E02BA0FB5100F8CC8B /* Release */ = {
			isa = XCBuildConfiguration;
			buildSettings = {
				ALWAYS_SEARCH_USER_PATHS = NO;
				ASSETCATALOG_COMPILER_GENERATE_SWIFT_ASSET_SYMBOL_EXTENSIONS = YES;
				CLANG_ANALYZER_NONNULL = YES;
				CLANG_ANALYZER_NUMBER_OBJECT_CONVERSION = YES_AGGRESSIVE;
				CLANG_CXX_LANGUAGE_STANDARD = "gnu++20";
				CLANG_ENABLE_MODULES = YES;
				CLANG_ENABLE_OBJC_ARC = YES;
				CLANG_ENABLE_OBJC_WEAK = YES;
				CLANG_WARN_BLOCK_CAPTURE_AUTORELEASING = YES;
				CLANG_WARN_BOOL_CONVERSION = YES;
				CLANG_WARN_COMMA = YES;
				CLANG_WARN_CONSTANT_CONVERSION = YES;
				CLANG_WARN_DEPRECATED_OBJC_IMPLEMENTATIONS = YES;
				CLANG_WARN_DIRECT_OBJC_ISA_USAGE = YES_ERROR;
				CLANG_WARN_DOCUMENTATION_COMMENTS = YES;
				CLANG_WARN_EMPTY_BODY = YES;
				CLANG_WARN_ENUM_CONVERSION = YES;
				CLANG_WARN_INFINITE_RECURSION = YES;
				CLANG_WARN_INT_CONVERSION = YES;
				CLANG_WARN_NON_LITERAL_NULL_CONVERSION = YES;
				CLANG_WARN_OBJC_IMPLICIT_RETAIN_SELF = YES;
				CLANG_WARN_OBJC_LITERAL_CONVERSION = YES;
				CLANG_WARN_OBJC_ROOT_CLASS = YES_ERROR;
				CLANG_WARN_QUOTED_INCLUDE_IN_FRAMEWORK_HEADER = YES;
				CLANG_WARN_RANGE_LOOP_ANALYSIS = YES;
				CLANG_WARN_STRICT_PROTOTYPES = YES;
				CLANG_WARN_SUSPICIOUS_MOVE = YES;
				CLANG_WARN_UNGUARDED_AVAILABILITY = YES_AGGRESSIVE;
				CLANG_WARN_UNREACHABLE_CODE = YES;
				CLANG_WARN__DUPLICATE_METHOD_MATCH = YES;
				COPY_PHASE_STRIP = NO;
				DEBUG_INFORMATION_FORMAT = "dwarf-with-dsym";
				ENABLE_NS_ASSERTIONS = NO;
				ENABLE_STRICT_OBJC_MSGSEND = YES;
				ENABLE_USER_SCRIPT_SANDBOXING = YES;
				GCC_C_LANGUAGE_STANDARD = gnu17;
				GCC_NO_COMMON_BLOCKS = YES;
				GCC_WARN_64_TO_32_BIT_CONVERSION = YES;
				GCC_WARN_ABOUT_RETURN_TYPE = YES_ERROR;
				GCC_WARN_UNDECLARED_SELECTOR = YES;
				GCC_WARN_UNINITIALIZED_AUTOS = YES_AGGRESSIVE;
				GCC_WARN_UNUSED_FUNCTION = YES;
				GCC_WARN_UNUSED_VARIABLE = YES;
				IPHONEOS_DEPLOYMENT_TARGET = 17.4;
				LOCALIZATION_PREFERS_STRING_CATALOGS = YES;
				MTL_ENABLE_DEBUG_INFO = NO;
				MTL_FAST_MATH = YES;
				SDKROOT = iphoneos;
				SWIFT_COMPILATION_MODE = wholemodule;
				VALIDATE_PRODUCT = YES;
			};
			name = Release;
		};
		5DED61E22BA0FB5100F8CC8B /* Debug */ = {
			isa = XCBuildConfiguration;
			buildSettings = {
				ASSETCATALOG_COMPILER_APPICON_NAME = AppIcon;
				ASSETCATALOG_COMPILER_GLOBAL_ACCENT_COLOR_NAME = AccentColor;
				CODE_SIGN_STYLE = Automatic;
				CURRENT_PROJECT_VERSION = 1;
				DEVELOPMENT_ASSET_PATHS = "\"ScrumSucks/Preview Content\"";
				DEVELOPMENT_TEAM = 3TJ727QM8H;
				ENABLE_PREVIEWS = YES;
				GENERATE_INFOPLIST_FILE = YES;
				INFOPLIST_KEY_UIApplicationSceneManifest_Generation = YES;
				INFOPLIST_KEY_UIApplicationSupportsIndirectInputEvents = YES;
				INFOPLIST_KEY_UILaunchScreen_Generation = YES;
				INFOPLIST_KEY_UISupportedInterfaceOrientations_iPad = "UIInterfaceOrientationPortrait UIInterfaceOrientationPortraitUpsideDown UIInterfaceOrientationLandscapeLeft UIInterfaceOrientationLandscapeRight";
				INFOPLIST_KEY_UISupportedInterfaceOrientations_iPhone = "UIInterfaceOrientationPortrait UIInterfaceOrientationLandscapeLeft UIInterfaceOrientationLandscapeRight";
				LD_RUNPATH_SEARCH_PATHS = (
					"$(inherited)",
					"@executable_path/Frameworks",
				);
				MARKETING_VERSION = 1.0;
				PRODUCT_BUNDLE_IDENTIFIER = net.cingen.ScrumSucks;
				PRODUCT_NAME = "$(TARGET_NAME)";
				SWIFT_EMIT_LOC_STRINGS = YES;
				SWIFT_VERSION = 5.0;
				TARGETED_DEVICE_FAMILY = "1,2";
			};
			name = Debug;
		};
		5DED61E32BA0FB5100F8CC8B /* Release */ = {
			isa = XCBuildConfiguration;
			buildSettings = {
				ASSETCATALOG_COMPILER_APPICON_NAME = AppIcon;
				ASSETCATALOG_COMPILER_GLOBAL_ACCENT_COLOR_NAME = AccentColor;
				CODE_SIGN_STYLE = Automatic;
				CURRENT_PROJECT_VERSION = 1;
				DEVELOPMENT_ASSET_PATHS = "\"ScrumSucks/Preview Content\"";
				DEVELOPMENT_TEAM = 3TJ727QM8H;
				ENABLE_PREVIEWS = YES;
				GENERATE_INFOPLIST_FILE = YES;
				INFOPLIST_KEY_UIApplicationSceneManifest_Generation = YES;
				INFOPLIST_KEY_UIApplicationSupportsIndirectInputEvents = YES;
				INFOPLIST_KEY_UILaunchScreen_Generation = YES;
				INFOPLIST_KEY_UISupportedInterfaceOrientations_iPad = "UIInterfaceOrientationPortrait UIInterfaceOrientationPortraitUpsideDown UIInterfaceOrientationLandscapeLeft UIInterfaceOrientationLandscapeRight";
				INFOPLIST_KEY_UISupportedInterfaceOrientations_iPhone = "UIInterfaceOrientationPortrait UIInterfaceOrientationLandscapeLeft UIInterfaceOrientationLandscapeRight";
				LD_RUNPATH_SEARCH_PATHS = (
					"$(inherited)",
					"@executable_path/Frameworks",
				);
				MARKETING_VERSION = 1.0;
				PRODUCT_BUNDLE_IDENTIFIER = net.cingen.ScrumSucks;
				PRODUCT_NAME = "$(TARGET_NAME)";
				SWIFT_EMIT_LOC_STRINGS = YES;
				SWIFT_VERSION = 5.0;
				TARGETED_DEVICE_FAMILY = "1,2";
			};
			name = Release;
		};
/* End XCBuildConfiguration section */

/* Begin XCConfigurationList section */
		5DED61CE2BA0FB4E00F8CC8B /* Build configuration list for PBXProject "ScrumSucks" */ = {
			isa = XCConfigurationList;
			buildConfigurations = (
				5DED61DF2BA0FB5100F8CC8B /* Debug */,
				5DED61E02BA0FB5100F8CC8B /* Release */,
			);
			defaultConfigurationIsVisible = 0;
			defaultConfigurationName = Release;
		};
		5DED61E12BA0FB5100F8CC8B /* Build configuration list for PBXNativeTarget "ScrumSucks" */ = {
			isa = XCConfigurationList;
			buildConfigurations = (
				5DED61E22BA0FB5100F8CC8B /* Debug */,
				5DED61E32BA0FB5100F8CC8B /* Release */,
			);
			defaultConfigurationIsVisible = 0;
			defaultConfigurationName = Release;
		};
/* End XCConfigurationList section */
	};
	rootObject = 5DED61CB2BA0FB4E00F8CC8B /* Project object */;
}
